# This file was autogenerated by Stack.
# You should not edit this file by hand.
# For more information, please see the documentation at:
#   https://docs.haskellstack.org/en/stable/lock_files

packages:
- completed:
    hackage: fgl-5.8.1.1@sha256:64e912a9a84f4571d02eef8539bf4eebe3dcf1be9853ca4641cfc01c46dd3c0d,3697
    pantry-tree:
      sha256: 90a605fd6bff0ee00253e6d6f2cab513f92e6a985e274cd1fc7e28e142457e49
      size: 2748
  original:
    hackage: fgl-5.8.1.1@sha256:64e912a9a84f4571d02eef8539bf4eebe3dcf1be9853ca4641cfc01c46dd3c0d,3697
- completed:
    hackage: fgl-visualize-0.1.0.1@sha256:e682066053a6e75478a08fd6822dd0143a3b8ea23244bdb01dd389a266447c5e,995
    pantry-tree:
      sha256: 969d6b60ea298ffb81697dd350e76774a2f876103a147117f832400451ad2cc3
      size: 224
  original:
    hackage: fgl-visualize-0.1.0.1@sha256:e682066053a6e75478a08fd6822dd0143a3b8ea23244bdb01dd389a266447c5e
snapshots:
- completed:
    sha256: adbc602422dde10cc330175da7de8609e70afc41449a7e2d6e8b1827aa0e5008
    size: 649342
    url: https://raw.githubusercontent.com/commercialhaskell/stackage-snapshots/master/lts/20/11.yaml
  original:
    url: https://raw.githubusercontent.com/commercialhaskell/stackage-snapshots/master/lts/20/11.yaml
